{
  "nodes": {
    "flake-parts": {
      "inputs": {
        "nixpkgs-lib": [
          "nixtral",
          "nixpkgs"
        ]
      },
      "locked": {
        "lastModified": 1775087534,
        "narHash": "sha256-91qqW8lhL7TLwgQWijoGBbiD4t7/q75KTi8NxjVmSmA=",
        "owner": "hercules-ci",
        "repo": "flake-parts",
        "rev": "3107b77cd68437b9a76194f0f7f9c55f2329ca5b",
        "type": "github"
      },
      "original": {
        "owner": "hercules-ci",
        "repo": "flake-parts",
        "type": "github"
      }
    },
    "flake-utils": {
      "inputs": {
        "systems": "systems"
      },
      "locked": {
        "lastModified": 1731533236,
        "narHash": "sha256-l0KFg5HjrsfsO/JpG+r7fRrqm12kzFHyUHqHCVpMMbI=",
        "owner": "numtide",
        "repo": "flake-utils",
        "rev": "11707dc2f618dd54ca8739b309ec4fc024de578b",
        "type": "github"
      },
      "original": {
        "owner": "numtide",
        "repo": "flake-utils",
        "type": "github"
      }
    },
    "home-manager": {
      "inputs": {
        "nixpkgs": [
          "nixtral",
          "nixpkgs"
        ]
      },
      "locked": {
        "lastModified": 1777518431,
        "narHash": "sha256-SwgiG2T5pbyo33Vz7/vUCAhEMgwCK8Pa2nDSx5a6/WE=",
        "owner": "nix-community",
        "repo": "home-manager",
        "rev": "2e54a938cdd4c8e414b2518edc3d82308027c670",
        "type": "github"
      },
      "original": {
        "owner": "nix-community",
        "repo": "home-manager",
        "type": "github"
      }
    },
    "jj-starship": {
      "inputs": {
        "flake-utils": "flake-utils",
        "nixpkgs": "nixpkgs"
      },
      "locked": {
        "lastModified": 1769370163,
        "narHash": "sha256-YfcFlJsPCRfqhN+3JUWE77c+eHIp5RAu2rq/JhSxCec=",
        "owner": "dmmulroy",
        "repo": "jj-starship",
        "rev": "76cf00619b0cce5bd08a1b9a49b310ed928794d5",
        "type": "github"
      },
      "original": {
        "owner": "dmmulroy",
        "repo": "jj-starship",
        "type": "github"
      }
    },
    "nix-darwin": {
      "inputs": {
        "nixpkgs": [
          "nixtral",
          "nixpkgs"
        ]
      },
      "locked": {
        "lastModified": 1775037210,
        "narHash": "sha256-KM2WYj6EA7M/FVZVCl3rqWY+TFV5QzSyyGE2gQxeODU=",
        "owner": "lnl7",
        "repo": "nix-darwin",
        "rev": "06648f4902343228ce2de79f291dd5a58ee12146",
        "type": "github"
      },
      "original": {
        "owner": "lnl7",
        "repo": "nix-darwin",
        "type": "github"
      }
    },
    "nix-index-database": {
      "inputs": {
        "nixpkgs": [
          "nixtral",
          "nixpkgs"
        ]
      },
      "locked": {
        "lastModified": 1777181277,
        "narHash": "sha256-yVJbd07ortDRAttDFmDV5p220aOLTHgVAx//0nW/xW8=",
        "owner": "nix-community",
        "repo": "nix-index-database",
        "rev": "b8eb7acee0f7604fe1bf6a5b3dcf5254369180fa",
        "type": "github"
      },
      "original": {
        "owner": "nix-community",
        "repo": "nix-index-database",
        "type": "github"
      }
    },
    "nixpkgs": {
      "locked": {
        "lastModified": 1766840161,
        "narHash": "sha256-Ss/LHpJJsng8vz1Pe33RSGIWUOcqM1fjrehjUkdrWio=",
        "owner": "NixOS",
        "repo": "nixpkgs",
        "rev": "3edc4a30ed3903fdf6f90c837f961fa6b49582d1",
        "type": "github"
      },
      "original": {
        "owner": "NixOS",
        "ref": "nixpkgs-unstable",
        "repo": "nixpkgs",
        "type": "github"
      }
    },
    "nixpkgs_2": {
      "locked": {
        "lastModified": 1777553588,
        "narHash": "sha256-Vw9JhV8c5Kb1dmaN5J90dCVxKItcCiO9XT11Qy7iktg=",
        "owner": "NixOS",
        "repo": "nixpkgs",
        "rev": "2be1a0aad2f11c2582b2da843abbaf3678ea09e9",
        "type": "github"
      },
      "original": {
        "owner": "NixOS",
        "ref": "master",
        "repo": "nixpkgs",
        "type": "github"
      }
    },
    "nixtral": {
      "inputs": {
        "flake-parts": "flake-parts",
        "home-manager": "home-manager",
        "nix-darwin": "nix-darwin",
        "nix-index-database": "nix-index-database",
        "nixpkgs": [
          "nixpkgs"
        ]
      },
      "locked": {
        "lastModified": 1777554220,
        "narHash": "sha256-hnvADmrSN8b2m4JglTmV0lZaJkwU1eE4sS6N7NOcP0c=",
        "ref": "update-vibe-config",
        "rev": "bd0c1ed74805e908353ec715c8bda681139a4bf7",
        "revCount": 70,
        "type": "git",
        "url": "ssh://git@github.com/mistralai/nixtral.git"
      },
      "original": {
        "ref": "update-vibe-config",
        "type": "git",
        "url": "ssh://git@github.com/mistralai/nixtral.git"
      }
    },
    "root": {
      "inputs": {
        "jj-starship": "jj-starship",
        "nixpkgs": "nixpkgs_2",
        "nixtral": "nixtral"
      }
    },
    "systems": {
      "locked": {
        "lastModified": 1681028828,
        "narHash": "sha256-Vy1rq5AaRuLzOxct8nz4T6wlgyUR7zLU309k9mBC768=",
        "owner": "nix-systems",
        "repo": "default",
        "rev": "da67096a3b9bf56a91d16901293e51ba5b49a27e",
        "type": "github"
      },
      "original": {
        "owner": "nix-systems",
        "repo": "default",
        "type": "github"
      }
    }
  },
  "root": "root",
  "version": 7
}
